{
  "requires": true,
  "lockfileVersion": 1,
  "dependencies": {
    "fast-watch": {
      "version": "1.0.0",
      "resolved": "https://registry.npmjs.org/fast-watch/-/fast-watch-1.0.0.tgz",
      "integrity": "sha1-gZRKwcg7sL9XUpMSKFIG1y4x5cA=",
      "dev": true
    },
    "skew": {
      "version": "0.9.19",
      "resolved": "https://registry.npmjs.org/skew/-/skew-0.9.19.tgz",
      "integrity": "sha512-e0MiqWdazGEKOYwUdP10VkeaKx6vUq1ZZVCLjS0fItSboLfRtgfPKQALa3Lh5H6+shu5N7JROUXUY+8uzsCSfQ=="
    },
    "source-map": {
      "version": "0.5.7",
      "resolved": "https://registry.npmjs.org/source-map/-/source-map-0.5.7.tgz",
      "integrity": "sha1-igOdLRAh0i0eoUyA2OpGi6LvP8w=",
      "dev": true
    },
    "source-map-support": {
      "version": "0.4.14",
      "resolved": "https://registry.npmjs.org/source-map-support/-/source-map-support-0.4.14.tgz",
      "integrity": "sha1-nURjdyWYuGJxtPUj9sH04Cp9au8=",
      "dev": true,
      "requires": {
        "source-map": "^0.5.6"
      }
    }
  }
}
