{
  "name": "glslx",
  "lockfileVersion": 2,
  "requires": true,
  "packages": {
    "": {
      "dependencies": {
        "skew": "0.9.19"
      },
      "devDependencies": {
        "fast-watch": "1.0.0"
      }
    },
    "node_modules/fast-watch": {
      "version": "1.0.0",
      "resolved": "https://registry.npmjs.org/fast-watch/-/fast-watch-1.0.0.tgz",
      "integrity": "sha512-WrPvZ/HhuKCULVhnkQvltZ85a0VYYQqDU0u0TV94WRda/pZo4CTinETa7IaEwrAdmCHoZ6XsG04pe0FFtd6NtA==",
      "dev": true,
      "bin": {
        "watch": "watch"
      }
    },
    "node_modules/skew": {
      "version": "0.9.19",
      "resolved": "https://registry.npmjs.org/skew/-/skew-0.9.19.tgz",
      "integrity": "sha512-e0MiqWdazGEKOYwUdP10VkeaKx6vUq1ZZVCLjS0fItSboLfRtgfPKQALa3Lh5H6+shu5N7JROUXUY+8uzsCSfQ==",
      "bin": {
        "skewc": "skewc"
      }
    }
  },
  "dependencies": {
    "fast-watch": {
      "version": "1.0.0",
      "resolved": "https://registry.npmjs.org/fast-watch/-/fast-watch-1.0.0.tgz",
      "integrity": "sha512-WrPvZ/HhuKCULVhnkQvltZ85a0VYYQqDU0u0TV94WRda/pZo4CTinETa7IaEwrAdmCHoZ6XsG04pe0FFtd6NtA==",
      "dev": true
    },
    "skew": {
      "version": "0.9.19",
      "resolved": "https://registry.npmjs.org/skew/-/skew-0.9.19.tgz",
      "integrity": "sha512-e0MiqWdazGEKOYwUdP10VkeaKx6vUq1ZZVCLjS0fItSboLfRtgfPKQALa3Lh5H6+shu5N7JROUXUY+8uzsCSfQ=="
    }
  }
}
